// !$*UTF8*$!
{
	archiveVersion = 1;
	classes = {
	};
	objectVersion = 56;
	objects = {

/* Begin PBXBuildFile section */
		AD9CAF242972A5A7001A874F /* SimplifyApp.swift in Sources */ = {isa = PBXBuildFile; fileRef = AD9CAF232972A5A7001A874F /* SimplifyApp.swift */; };
		AD9CAF262972A5A7001A874F /* ContentView.swift in Sources */ = {isa = PBXBuildFile; fileRef = AD9CAF252972A5A7001A874F /* ContentView.swift */; };
		AD9CAF282972A5A8001A874F /* Assets.xcassets in Resources */ = {isa = PBXBuildFile; fileRef = AD9CAF272972A5A8001A874F /* Assets.xcassets */; };
		AD9CAF2B2972A5A8001A874F /* Preview Assets.xcassets in Resources */ = {isa = PBXBuildFile; fileRef = AD9CAF2A2972A5A8001A874F /* Preview Assets.xcassets */; };
		AD9CAF2D2972A5A8001A874F /* Persistence.swift in Sources */ = {isa = PBXBuildFile; fileRef = AD9CAF2C2972A5A8001A874F /* Persistence.swift */; };
		AD9CAF302972A5A8001A874F /* Simplify.xcdatamodeld in Sources */ = {isa = PBXBuildFile; fileRef = AD9CAF2E2972A5A8001A874F /* Simplify.xcdatamodeld */; };
		AD9CAF3A2972A71C001A874F /* Notification.swift in Sources */ = {isa = PBXBuildFile; fileRef = AD9CAF362972A71C001A874F /* Notification.swift */; };
		AD9CAF3B2972A71C001A874F /* OnbordingView.swift in Sources */ = {isa = PBXBuildFile; fileRef = AD9CAF372972A71C001A874F /* OnbordingView.swift */; };
		AD9CAF3C2972A71C001A874F /* SingleOnbordingView.swift in Sources */ = {isa = PBXBuildFile; fileRef = AD9CAF382972A71C001A874F /* SingleOnbordingView.swift */; };
		AD9CAF3D2972A71C001A874F /* LoadingView.swift in Sources */ = {isa = PBXBuildFile; fileRef = AD9CAF392972A71C001A874F /* LoadingView.swift */; };
		AD9CAF422972A738001A874F /* Localizable.strings in Resources */ = {isa = PBXBuildFile; fileRef = AD9CAF412972A738001A874F /* Localizable.strings */; };
/* End PBXBuildFile section */

/* Begin PBXFileReference section */
		AD9CAF202972A5A7001A874F /* Simplify.app */ = {isa = PBXFileReference; explicitFileType = wrapper.application; includeInIndex = 0; path = Simplify.app; sourceTree = BUILT_PRODUCTS_DIR; };
		AD9CAF232972A5A7001A874F /* SimplifyApp.swift */ = {isa = PBXFileReference; lastKnownFileType = sourcecode.swift; path = SimplifyApp.swift; sourceTree = "<group>"; };
		AD9CAF252972A5A7001A874F /* ContentView.swift */ = {isa = PBXFileReference; lastKnownFileType = sourcecode.swift; path = ContentView.swift; sourceTree = "<group>"; };
		AD9CAF272972A5A8001A874F /* Assets.xcassets */ = {isa = PBXFileReference; lastKnownFileType = folder.assetcatalog; path = Assets.xcassets; sourceTree = "<group>"; };
		AD9CAF2A2972A5A8001A874F /* Preview Assets.xcassets */ = {isa = PBXFileReference; lastKnownFileType = folder.assetcatalog; path = "Preview Assets.xcassets"; sourceTree = "<group>"; };
		AD9CAF2C2972A5A8001A874F /* Persistence.swift */ = {isa = PBXFileReference; lastKnownFileType = sourcecode.swift; path = Persistence.swift; sourceTree = "<group>"; };
		AD9CAF2F2972A5A8001A874F /* Simplify.xcdatamodel */ = {isa = PBXFileReference; lastKnownFileType = wrapper.xcdatamodel; path = Simplify.xcdatamodel; sourceTree = "<group>"; };
		AD9CAF362972A71C001A874F /* Notification.swift */ = {isa = PBXFileReference; fileEncoding = 4; lastKnownFileType = sourcecode.swift; path = Notification.swift; sourceTree = "<group>"; };
		AD9CAF372972A71C001A874F /* OnbordingView.swift */ = {isa = PBXFileReference; fileEncoding = 4; lastKnownFileType = sourcecode.swift; path = OnbordingView.swift; sourceTree = "<group>"; };
		AD9CAF382972A71C001A874F /* SingleOnbordingView.swift */ = {isa = PBXFileReference; fileEncoding = 4; lastKnownFileType = sourcecode.swift; path = SingleOnbordingView.swift; sourceTree = "<group>"; };
		AD9CAF392972A71C001A874F /* LoadingView.swift */ = {isa = PBXFileReference; fileEncoding = 4; lastKnownFileType = sourcecode.swift; path = LoadingView.swift; sourceTree = "<group>"; };
		AD9CAF412972A738001A874F /* Localizable.strings */ = {isa = PBXFileReference; fileEncoding = 4; lastKnownFileType = text.plist.strings; path = Localizable.strings; sourceTree = "<group>"; };
/* End PBXFileReference section */

/* Begin PBXFrameworksBuildPhase section */
		AD9CAF1D2972A5A7001A874F /* Frameworks */ = {
			isa = PBXFrameworksBuildPhase;
			buildActionMask = 2147483647;
			files = (
			);
			runOnlyForDeploymentPostprocessing = 0;
		};
/* End PBXFrameworksBuildPhase section */

/* Begin PBXGroup section */
		AD9CAF172972A5A7001A874F = {
			isa = PBXGroup;
			children = (
				AD9CAF222972A5A7001A874F /* Simplify */,
				AD9CAF212972A5A7001A874F /* Products */,
			);
			sourceTree = "<group>";
		};
		AD9CAF212972A5A7001A874F /* Products */ = {
			isa = PBXGroup;
			children = (
				AD9CAF202972A5A7001A874F /* Simplify.app */,
			);
			name = Products;
			sourceTree = "<group>";
		};
		AD9CAF222972A5A7001A874F /* Simplify */ = {
			isa = PBXGroup;
			children = (
				AD9CAF232972A5A7001A874F /* SimplifyApp.swift */,
				AD9CAF252972A5A7001A874F /* ContentView.swift */,
				AD9CAF392972A71C001A874F /* LoadingView.swift */,
				AD9CAF372972A71C001A874F /* OnbordingView.swift */,
				AD9CAF382972A71C001A874F /* SingleOnbordingView.swift */,
				AD9CAF362972A71C001A874F /* Notification.swift */,
				AD9CAF2C2972A5A8001A874F /* Persistence.swift */,
				AD9CAF272972A5A8001A874F /* Assets.xcassets */,
				AD9CAF2E2972A5A8001A874F /* Simplify.xcdatamodeld */,
				AD9CAF412972A738001A874F /* Localizable.strings */,
				AD9CAF292972A5A8001A874F /* Preview Content */,
			);
			path = Simplify;
			sourceTree = "<group>";
		};
		AD9CAF292972A5A8001A874F /* Preview Content */ = {
			isa = PBXGroup;
			children = (
				AD9CAF2A2972A5A8001A874F /* Preview Assets.xcassets */,
			);
			path = "Preview Content";
			sourceTree = "<group>";
		};
/* End PBXGroup section */

/* Begin PBXNativeTarget section */
		AD9CAF1F2972A5A7001A874F /* Simplify */ = {
			isa = PBXNativeTarget;
			buildConfigurationList = AD9CAF332972A5A8001A874F /* Build configuration list for PBXNativeTarget "Simplify" */;
			buildPhases = (
				AD9CAF1C2972A5A7001A874F /* Sources */,
				AD9CAF1D2972A5A7001A874F /* Frameworks */,
				AD9CAF1E2972A5A7001A874F /* Resources */,
			);
			buildRules = (
			);
			dependencies = (
			);
			name = Simplify;
			productName = Simplify;
			productReference = AD9CAF202972A5A7001A874F /* Simplify.app */;
			productType = "com.apple.product-type.application";
		};
/* End PBXNativeTarget section */

/* Begin PBXProject section */
		AD9CAF182972A5A7001A874F /* Project object */ = {
			isa = PBXProject;
			attributes = {
				BuildIndependentTargetsInParallel = 1;
				LastSwiftUpdateCheck = 1420;
				LastUpgradeCheck = 1420;
				TargetAttributes = {
					AD9CAF1F2972A5A7001A874F = {
						CreatedOnToolsVersion = 14.2;
					};
				};
			};
			buildConfigurationList = AD9CAF1B2972A5A7001A874F /* Build configuration list for PBXProject "Simplify" */;
			compatibilityVersion = "Xcode 14.0";
			developmentRegion = en;
			hasScannedForEncodings = 0;
			knownRegions = (
				en,
				Base,
			);
			mainGroup = AD9CAF172972A5A7001A874F;
			productRefGroup = AD9CAF212972A5A7001A874F /* Products */;
			projectDirPath = "";
			projectRoot = "";
			targets = (
				AD9CAF1F2972A5A7001A874F /* Simplify */,
			);
		};
/* End PBXProject section */

/* Begin PBXResourcesBuildPhase section */
		AD9CAF1E2972A5A7001A874F /* Resources */ = {
			isa = PBXResourcesBuildPhase;
			buildActionMask = 2147483647;
			files = (
				AD9CAF2B2972A5A8001A874F /* Preview Assets.xcassets in Resources */,
				AD9CAF422972A738001A874F /* Localizable.strings in Resources */,
				AD9CAF282972A5A8001A874F /* Assets.xcassets in Resources */,
			);
			runOnlyForDeploymentPostprocessing = 0;
		};
/* End PBXResourcesBuildPhase section */

/* Begin PBXSourcesBuildPhase section */
		AD9CAF1C2972A5A7001A874F /* Sources */ = {
			isa = PBXSourcesBuildPhase;
			buildActionMask = 2147483647;
			files = (
				AD9CAF2D2972A5A8001A874F /* Persistence.swift in Sources */,
				AD9CAF3A2972A71C001A874F /* Notification.swift in Sources */,
				AD9CAF262972A5A7001A874F /* ContentView.swift in Sources */,
				AD9CAF302972A5A8001A874F /* Simplify.xcdatamodeld in Sources */,
				AD9CAF242972A5A7001A874F /* SimplifyApp.swift in Sources */,
				AD9CAF3D2972A71C001A874F /* LoadingView.swift in Sources */,
				AD9CAF3C2972A71C001A874F /* SingleOnbordingView.swift in Sources */,
				AD9CAF3B2972A71C001A874F /* OnbordingView.swift in Sources */,
			);
			runOnlyForDeploymentPostprocessing = 0;
		};
/* End PBXSourcesBuildPhase section */

/* Begin XCBuildConfiguration section */
		AD9CAF312972A5A8001A874F /* Debug */ = {
			isa = XCBuildConfiguration;
			buildSettings = {
				ALWAYS_SEARCH_USER_PATHS = NO;
				CLANG_ANALYZER_NONNULL = YES;
				CLANG_ANALYZER_NUMBER_OBJECT_CONVERSION = YES_AGGRESSIVE;
				CLANG_CXX_LANGUAGE_STANDARD = "gnu++20";
				CLANG_ENABLE_MODULES = YES;
				CLANG_ENABLE_OBJC_ARC = YES;
				CLANG_ENABLE_OBJC_WEAK = YES;
				CLANG_WARN_BLOCK_CAPTURE_AUTORELEASING = YES;
				CLANG_WARN_BOOL_CONVERSION = YES;
				CLANG_WARN_COMMA = YES;
				CLANG_WARN_CONSTANT_CONVERSION = YES;
				CLANG_WARN_DEPRECATED_OBJC_IMPLEMENTATIONS = YES;
				CLANG_WARN_DIRECT_OBJC_ISA_USAGE = YES_ERROR;
				CLANG_WARN_DOCUMENTATION_COMMENTS = YES;
				CLANG_WARN_EMPTY_BODY = YES;
				CLANG_WARN_ENUM_CONVERSION = YES;
				CLANG_WARN_INFINITE_RECURSION = YES;
				CLANG_WARN_INT_CONVERSION = YES;
				CLANG_WARN_NON_LITERAL_NULL_CONVERSION = YES;
				CLANG_WARN_OBJC_IMPLICIT_RETAIN_SELF = YES;
				CLANG_WARN_OBJC_LITERAL_CONVERSION = YES;
				CLANG_WARN_OBJC_ROOT_CLASS = YES_ERROR;
				CLANG_WARN_QUOTED_INCLUDE_IN_FRAMEWORK_HEADER = YES;
				CLANG_WARN_RANGE_LOOP_ANALYSIS = YES;
				CLANG_WARN_STRICT_PROTOTYPES = YES;
				CLANG_WARN_SUSPICIOUS_MOVE = YES;
				CLANG_WARN_UNGUARDED_AVAILABILITY = YES_AGGRESSIVE;
				CLANG_WARN_UNREACHABLE_CODE = YES;
				CLANG_WARN__DUPLICATE_METHOD_MATCH = YES;
				COPY_PHASE_STRIP = NO;
				DEBUG_INFORMATION_FORMAT = dwarf;
				ENABLE_STRICT_OBJC_MSGSEND = YES;
				ENABLE_TESTABILITY = YES;
				GCC_C_LANGUAGE_STANDARD = gnu11;
				GCC_DYNAMIC_NO_PIC = NO;
				GCC_NO_COMMON_BLOCKS = YES;
				GCC_OPTIMIZATION_LEVEL = 0;
				GCC_PREPROCESSOR_DEFINITIONS = (
					"DEBUG=1",
					"$(inherited)",
				);
				GCC_WARN_64_TO_32_BIT_CONVERSION = YES;
				GCC_WARN_ABOUT_RETURN_TYPE = YES_ERROR;
				GCC_WARN_UNDECLARED_SELECTOR = YES;
				GCC_WARN_UNINITIALIZED_AUTOS = YES_AGGRESSIVE;
				GCC_WARN_UNUSED_FUNCTION = YES;
				GCC_WARN_UNUSED_VARIABLE = YES;
				IPHONEOS_DEPLOYMENT_TARGET = 16.2;
				MTL_ENABLE_DEBUG_INFO = INCLUDE_SOURCE;
				MTL_FAST_MATH = YES;
				ONLY_ACTIVE_ARCH = YES;
				SDKROOT = iphoneos;
				SWIFT_ACTIVE_COMPILATION_CONDITIONS = DEBUG;
				SWIFT_OPTIMIZATION_LEVEL = "-Onone";
			};
			name = Debug;
		};
		AD9CAF322972A5A8001A874F /* Release */ = {
			isa = XCBuildConfiguration;
			buildSettings = {
				ALWAYS_SEARCH_USER_PATHS = NO;
				CLANG_ANALYZER_NONNULL = YES;
				CLANG_ANALYZER_NUMBER_OBJECT_CONVERSION = YES_AGGRESSIVE;
				CLANG_CXX_LANGUAGE_STANDARD = "gnu++20";
				CLANG_ENABLE_MODULES = YES;
				CLANG_ENABLE_OBJC_ARC = YES;
				CLANG_ENABLE_OBJC_WEAK = YES;
				CLANG_WARN_BLOCK_CAPTURE_AUTORELEASING = YES;
				CLANG_WARN_BOOL_CONVERSION = YES;
				CLANG_WARN_COMMA = YES;
				CLANG_WARN_CONSTANT_CONVERSION = YES;
				CLANG_WARN_DEPRECATED_OBJC_IMPLEMENTATIONS = YES;
				CLANG_WARN_DIRECT_OBJC_ISA_USAGE = YES_ERROR;
				CLANG_WARN_DOCUMENTATION_COMMENTS = YES;
				CLANG_WARN_EMPTY_BODY = YES;
				CLANG_WARN_ENUM_CONVERSION = YES;
				CLANG_WARN_INFINITE_RECURSION = YES;
				CLANG_WARN_INT_CONVERSION = YES;
				CLANG_WARN_NON_LITERAL_NULL_CONVERSION = YES;
				CLANG_WARN_OBJC_IMPLICIT_RETAIN_SELF = YES;
				CLANG_WARN_OBJC_LITERAL_CONVERSION = YES;
				CLANG_WARN_OBJC_ROOT_CLASS = YES_ERROR;
				CLANG_WARN_QUOTED_INCLUDE_IN_FRAMEWORK_HEADER = YES;
				CLANG_WARN_RANGE_LOOP_ANALYSIS = YES;
				CLANG_WARN_STRICT_PROTOTYPES = YES;
				CLANG_WARN_SUSPICIOUS_MOVE = YES;
				CLANG_WARN_UNGUARDED_AVAILABILITY = YES_AGGRESSIVE;
				CLANG_WARN_UNREACHABLE_CODE = YES;
				CLANG_WARN__DUPLICATE_METHOD_MATCH = YES;
				COPY_PHASE_STRIP = NO;
				DEBUG_INFORMATION_FORMAT = "dwarf-with-dsym";
				ENABLE_NS_ASSERTIONS = NO;
				ENABLE_STRICT_OBJC_MSGSEND = YES;
				GCC_C_LANGUAGE_STANDARD = gnu11;
				GCC_NO_COMMON_BLOCKS = YES;
				GCC_WARN_64_TO_32_BIT_CONVERSION = YES;
				GCC_WARN_ABOUT_RETURN_TYPE = YES_ERROR;
				GCC_WARN_UNDECLARED_SELECTOR = YES;
				GCC_WARN_UNINITIALIZED_AUTOS = YES_AGGRESSIVE;
				GCC_WARN_UNUSED_FUNCTION = YES;
				GCC_WARN_UNUSED_VARIABLE = YES;
				IPHONEOS_DEPLOYMENT_TARGET = 16.2;
				MTL_ENABLE_DEBUG_INFO = NO;
				MTL_FAST_MATH = YES;
				SDKROOT = iphoneos;
				SWIFT_COMPILATION_MODE = wholemodule;
				SWIFT_OPTIMIZATION_LEVEL = "-O";
				VALIDATE_PRODUCT = YES;
			};
			name = Release;
		};
		AD9CAF342972A5A8001A874F /* Debug */ = {
			isa = XCBuildConfiguration;
			buildSettings = {
				ASSETCATALOG_COMPILER_APPICON_NAME = AppIcon;
				ASSETCATALOG_COMPILER_GLOBAL_ACCENT_COLOR_NAME = AccentColor;
				CODE_SIGN_STYLE = Automatic;
				CURRENT_PROJECT_VERSION = 1;
				DEVELOPMENT_ASSET_PATHS = "\"Simplify/Preview Content\"";
				DEVELOPMENT_TEAM = VR52T6TW39;
				ENABLE_PREVIEWS = YES;
				GENERATE_INFOPLIST_FILE = YES;
				INFOPLIST_KEY_UIApplicationSceneManifest_Generation = YES;
				INFOPLIST_KEY_UIApplicationSupportsIndirectInputEvents = YES;
				INFOPLIST_KEY_UILaunchScreen_Generation = YES;
				INFOPLIST_KEY_UISupportedInterfaceOrientations_iPad = "UIInterfaceOrientationPortrait UIInterfaceOrientationPortraitUpsideDown UIInterfaceOrientationLandscapeLeft UIInterfaceOrientationLandscapeRight";
				INFOPLIST_KEY_UISupportedInterfaceOrientations_iPhone = "UIInterfaceOrientationPortrait UIInterfaceOrientationLandscapeLeft UIInterfaceOrientationLandscapeRight";
				LD_RUNPATH_SEARCH_PATHS = (
					"$(inherited)",
					"@executable_path/Frameworks",
				);
				MARKETING_VERSION = 1.0;
				PRODUCT_BUNDLE_IDENTIFIER = Fatma.Gazwani.Simplify;
				PRODUCT_NAME = "$(TARGET_NAME)";
				SWIFT_EMIT_LOC_STRINGS = YES;
				SWIFT_VERSION = 5.0;
				TARGETED_DEVICE_FAMILY = "1,2";
			};
			name = Debug;
		};
		AD9CAF352972A5A8001A874F /* Release */ = {
			isa = XCBuildConfiguration;
			buildSettings = {
				ASSETCATALOG_COMPILER_APPICON_NAME = AppIcon;
				ASSETCATALOG_COMPILER_GLOBAL_ACCENT_COLOR_NAME = AccentColor;
				CODE_SIGN_STYLE = Automatic;
				CURRENT_PROJECT_VERSION = 1;
				DEVELOPMENT_ASSET_PATHS = "\"Simplify/Preview Content\"";
				DEVELOPMENT_TEAM = VR52T6TW39;
				ENABLE_PREVIEWS = YES;
				GENERATE_INFOPLIST_FILE = YES;
				INFOPLIST_KEY_UIApplicationSceneManifest_Generation = YES;
				INFOPLIST_KEY_UIApplicationSupportsIndirectInputEvents = YES;
				INFOPLIST_KEY_UILaunchScreen_Generation = YES;
				INFOPLIST_KEY_UISupportedInterfaceOrientations_iPad = "UIInterfaceOrientationPortrait UIInterfaceOrientationPortraitUpsideDown UIInterfaceOrientationLandscapeLeft UIInterfaceOrientationLandscapeRight";
				INFOPLIST_KEY_UISupportedInterfaceOrientations_iPhone = "UIInterfaceOrientationPortrait UIInterfaceOrientationLandscapeLeft UIInterfaceOrientationLandscapeRight";
				LD_RUNPATH_SEARCH_PATHS = (
					"$(inherited)",
					"@executable_path/Frameworks",
				);
				MARKETING_VERSION = 1.0;
				PRODUCT_BUNDLE_IDENTIFIER = Fatma.Gazwani.Simplify;
				PRODUCT_NAME = "$(TARGET_NAME)";
				SWIFT_EMIT_LOC_STRINGS = YES;
				SWIFT_VERSION = 5.0;
				TARGETED_DEVICE_FAMILY = "1,2";
			};
			name = Release;
		};
/* End XCBuildConfiguration section */

/* Begin XCConfigurationList section */
		AD9CAF1B2972A5A7001A874F /* Build configuration list for PBXProject "Simplify" */ = {
			isa = XCConfigurationList;
			buildConfigurations = (
				AD9CAF312972A5A8001A874F /* Debug */,
				AD9CAF322972A5A8001A874F /* Release */,
			);
			defaultConfigurationIsVisible = 0;
			defaultConfigurationName = Release;
		};
		AD9CAF332972A5A8001A874F /* Build configuration list for PBXNativeTarget "Simplify" */ = {
			isa = XCConfigurationList;
			buildConfigurations = (
				AD9CAF342972A5A8001A874F /* Debug */,
				AD9CAF352972A5A8001A874F /* Release */,
			);
			defaultConfigurationIsVisible = 0;
			defaultConfigurationName = Release;
		};
/* End XCConfigurationList section */

/* Begin XCVersionGroup section */
		AD9CAF2E2972A5A8001A874F /* Simplify.xcdatamodeld */ = {
			isa = XCVersionGroup;
			children = (
				AD9CAF2F2972A5A8001A874F /* Simplify.xcdatamodel */,
			);
			currentVersion = AD9CAF2F2972A5A8001A874F /* Simplify.xcdatamodel */;
			path = Simplify.xcdatamodeld;
			sourceTree = "<group>";
			versionGroupType = wrapper.xcdatamodel;
		};
/* End XCVersionGroup section */
	};
	rootObject = AD9CAF182972A5A7001A874F /* Project object */;
}
